{
  "nodes": {
    "fips-src": {
      "flake": false,
      "locked": {
        "lastModified": 1707898290,
        "narHash": "sha256-PA06H7EqtplMH6Tvaw3ESTOwlGY/sSaqavZmcacOClg=",
        "owner": "floooh",
        "repo": "fips",
        "rev": "55f8f170f569aa7ed4cb517288672c21d290567f",
        "type": "github"
      },
      "original": {
        "owner": "floooh",
        "ref": "master",
        "repo": "fips",
        "type": "github"
      }
    },
    "flake-utils": {
      "inputs": {
        "systems": "systems"
      },
      "locked": {
        "lastModified": 1710146030,
        "narHash": "sha256-SZ5L6eA7HJ/nmkzGG7/ISclqe6oZdOZTNoesiInkXPQ=",
        "owner": "numtide",
        "repo": "flake-utils",
        "rev": "b1d9ab70662946ef0850d488da1c9019f3a9752a",
        "type": "github"
      },
      "original": {
        "owner": "numtide",
        "repo": "flake-utils",
        "type": "github"
      }
    },
    "handmade-math-src": {
      "flake": false,
      "locked": {
        "lastModified": 1676919826,
        "narHash": "sha256-hmQXZRqgJOztvqmekRRnuF8bjPF3ZczKDfCVZv4aDvY=",
        "owner": "HandmadeMath",
        "repo": "HandmadeMath",
        "rev": "422bc588e9e8ae580f472f05e47c01a646acff38",
        "type": "github"
      },
      "original": {
        "owner": "HandmadeMath",
        "ref": "v2.0.0",
        "repo": "HandmadeMath",
        "type": "github"
      }
    },
    "nixpkgs": {
      "locked": {
        "lastModified": 1713714268,
        "narHash": "sha256-ZJGnom7YthvNxUZLdUzy5VePTwYgDYcnnPpyHT4n9lY=",
        "owner": "NixOS",
        "repo": "nixpkgs",
        "rev": "69ee1d82f1fa4c70a3dc9a64111e7eef3b8e4527",
        "type": "github"
      },
      "original": {
        "owner": "NixOS",
        "ref": "nixpkgs-unstable",
        "repo": "nixpkgs",
        "type": "github"
      }
    },
    "root": {
      "inputs": {
        "fips-src": "fips-src",
        "flake-utils": "flake-utils",
        "handmade-math-src": "handmade-math-src",
        "nixpkgs": "nixpkgs",
        "sokol-src": "sokol-src",
        "sokol-tools-src": "sokol-tools-src"
      }
    },
    "sokol-src": {
      "flake": false,
      "locked": {
        "lastModified": 1713698818,
        "narHash": "sha256-dJJnOVfHcoDl12D1bFMMTJWqOMAqC+xbRPdjOfH0J3E=",
        "owner": "floooh",
        "repo": "sokol",
        "rev": "4534e02d6c83e23fa212ac29c1fd90d8a22f5419",
        "type": "github"
      },
      "original": {
        "owner": "floooh",
        "repo": "sokol",
        "type": "github"
      }
    },
    "sokol-tools-src": {
      "flake": false,
      "locked": {
        "lastModified": 1707744856,
        "narHash": "sha256-sshoFrHmAyWhTDjIiyOg34ytUPc4cTl/1wP6owsn7R0=",
        "ref": "refs/heads/master",
        "rev": "6362c8fa26013f6113b6689a40f8b19774afac46",
        "revCount": 318,
        "submodules": true,
        "type": "git",
        "url": "https://github.com/floooh/sokol-tools"
      },
      "original": {
        "submodules": true,
        "type": "git",
        "url": "https://github.com/floooh/sokol-tools"
      }
    },
    "systems": {
      "locked": {
        "lastModified": 1681028828,
        "narHash": "sha256-Vy1rq5AaRuLzOxct8nz4T6wlgyUR7zLU309k9mBC768=",
        "owner": "nix-systems",
        "repo": "default",
        "rev": "da67096a3b9bf56a91d16901293e51ba5b49a27e",
        "type": "github"
      },
      "original": {
        "owner": "nix-systems",
        "repo": "default",
        "type": "github"
      }
    }
  },
  "root": "root",
  "version": 7
}
