{
  "nodes": {
    "fips-src": {
      "flake": false,
      "locked": {
        "lastModified": 1702994157,
        "narHash": "sha256-Bb5Y8jjBTxAZ5K3jILDpX3dSD22vByB1tHZvGN3P38A=",
        "owner": "floooh",
        "repo": "fips",
        "rev": "c0503989977f1495ee8c920eb3194ac302f39699",
        "type": "github"
      },
      "original": {
        "owner": "floooh",
        "ref": "master",
        "repo": "fips",
        "type": "github"
      }
    },
    "flake-utils": {
      "inputs": {
        "systems": "systems"
      },
      "locked": {
        "lastModified": 1701680307,
        "narHash": "sha256-kAuep2h5ajznlPMD9rnQyffWG8EM/C73lejGofXvdM8=",
        "owner": "numtide",
        "repo": "flake-utils",
        "rev": "4022d587cbbfd70fe950c1e2083a02621806a725",
        "type": "github"
      },
      "original": {
        "owner": "numtide",
        "repo": "flake-utils",
        "type": "github"
      }
    },
    "handmade-math-src": {
      "flake": false,
      "locked": {
        "lastModified": 1676919826,
        "narHash": "sha256-hmQXZRqgJOztvqmekRRnuF8bjPF3ZczKDfCVZv4aDvY=",
        "owner": "HandmadeMath",
        "repo": "HandmadeMath",
        "rev": "422bc588e9e8ae580f472f05e47c01a646acff38",
        "type": "github"
      },
      "original": {
        "owner": "HandmadeMath",
        "ref": "v2.0.0",
        "repo": "HandmadeMath",
        "type": "github"
      }
    },
    "nixpkgs": {
      "locked": {
        "lastModified": 1704842529,
        "narHash": "sha256-OTeQA+F8d/Evad33JMfuXC89VMetQbsU4qcaePchGr4=",
        "owner": "NixOS",
        "repo": "nixpkgs",
        "rev": "eabe8d3eface69f5bb16c18f8662a702f50c20d5",
        "type": "github"
      },
      "original": {
        "owner": "NixOS",
        "ref": "nixpkgs-unstable",
        "repo": "nixpkgs",
        "type": "github"
      }
    },
    "root": {
      "inputs": {
        "fips-src": "fips-src",
        "flake-utils": "flake-utils",
        "handmade-math-src": "handmade-math-src",
        "nixpkgs": "nixpkgs",
        "sokol-src": "sokol-src",
        "sokol-tools-src": "sokol-tools-src"
      }
    },
    "sokol-src": {
      "flake": false,
      "locked": {
        "lastModified": 1704717894,
        "narHash": "sha256-hmAE0a88djxbfrWQ5qVjKsnmQZrrU0tZfRULBHTiRtA=",
        "owner": "floooh",
        "repo": "sokol",
        "rev": "a2eab57c268923338968c94436cf421e308d034d",
        "type": "github"
      },
      "original": {
        "owner": "floooh",
        "repo": "sokol",
        "type": "github"
      }
    },
    "sokol-tools-src": {
      "flake": false,
      "locked": {
        "lastModified": 1703708061,
        "narHash": "sha256-+nhTmtshfsexgKJrirduRoG1OASvhYdFyn7belen+tU=",
        "ref": "refs/heads/master",
        "rev": "7337f8acad05e875c9b60a749b4274a31a69517d",
        "revCount": 315,
        "submodules": true,
        "type": "git",
        "url": "https://github.com/floooh/sokol-tools"
      },
      "original": {
        "submodules": true,
        "type": "git",
        "url": "https://github.com/floooh/sokol-tools"
      }
    },
    "systems": {
      "locked": {
        "lastModified": 1681028828,
        "narHash": "sha256-Vy1rq5AaRuLzOxct8nz4T6wlgyUR7zLU309k9mBC768=",
        "owner": "nix-systems",
        "repo": "default",
        "rev": "da67096a3b9bf56a91d16901293e51ba5b49a27e",
        "type": "github"
      },
      "original": {
        "owner": "nix-systems",
        "repo": "default",
        "type": "github"
      }
    }
  },
  "root": "root",
  "version": 7
}
